
Microsoft Visual Studio Solution File, Format Version 12.00
# Visual Studio Version 17
VisualStudioVersion = 17.6.33829.357
MinimumVisualStudioVersion = 10.0.40219.1
Project("{FAE04EC0-301F-11D3-BF4B-00C04F79EFBC}") = "Check CC-MAN", "Check CC-MAN.csproj", "{461A37A4-70A0-441D-B777-4E9C81C73762}"
EndProject
Global
	GlobalSection(SolutionConfigurationPlatforms) = preSolution
		Debug|Any CPU = Debug|Any CPU
		Release|Any CPU = Release|Any CPU
	EndGlobalSection
	GlobalSection(ProjectConfigurationPlatforms) = postSolution
		{461A37A4-70A0-441D-B777-4E9C81C73762}.Debug|Any CPU.ActiveCfg = Debug|Any CPU
		{461A37A4-70A0-441D-B777-4E9C81C73762}.Debug|Any CPU.Build.0 = Debug|Any CPU
		{461A37A4-70A0-441D-B777-4E9C81C73762}.Release|Any CPU.ActiveCfg = Release|Any CPU
		{461A37A4-70A0-441D-B777-4E9C81C73762}.Release|Any CPU.Build.0 = Release|Any CPU
	EndGlobalSection
	GlobalSection(SolutionProperties) = preSolution
		HideSolutionNode = FALSE
	EndGlobalSection
	GlobalSection(ExtensibilityGlobals) = postSolution
		SolutionGuid = {BE1377D0-0EBA-44D0-B657-1BF195491028}
	EndGlobalSection
EndGlobal
